{"1.2.0",
[{<<"gen_smtp">>,
  {git,"git://github.com/abravalheri/gen_smtp.git",
       {ref,"e43d40232e870380f1a87eac881fd45a733eb79e"}},
  0},
 {<<"hut">>,{pkg,<<"hut">>,<<"1.3.0">>},0},
 {<<"ranch">>,{pkg,<<"ranch">>,<<"1.7.1">>},1}]}.
[
{pkg_hash,[
 {<<"hut">>, <<"71F2F054E657C03F959CF1ACC43F436EA87580696528CA2A55C8AFB1B06C85E7">>},
 {<<"ranch">>, <<"6B1FAB51B49196860B733A49C07604465A47BDB78AA10C1C16A3D199F7F8C881">>}]},
{pkg_hash_ext,[
 {<<"hut">>, <<"7E15D28555D8A1F2B5A3A931EC120AF0753E4853A4C66053DB354F35BF9AB563">>},
 {<<"ranch">>, <<"451D8527787DF716D99DC36162FCA05934915DB0B6141BBDAC2EA8D3C7AFC7D7">>}]}
].
